Microsoft Visual Studio Solution File, Format Version 12.00
# Visual Studio Version 17
VisualStudioVersion = 17.0.31611.283
MinimumVisualStudioVersion = 10.0.40219.1
Project("{9A19103F-16F7-4668-BE54-9A1E7A4F7556}") = "MultiLingual.Translator", "MultiLingual.Translator.csproj", "{78984A43-FAD1-4EC9-A84F-6F596DC3337C}"
EndProject
Project("{FAE04EC0-301F-11D3-BF4B-00C04F79EFBC}") = "MultiLingual.Translator.Lib", "..\MultiLingual.Translator.Lib\MultiLingual.Translator.Lib.csproj", "{A4DAC23A-0E94-44B4-90FA-9F1126194D67}"
EndProject
Project("{FAE04EC0-301F-11D3-BF4B-00C04F79EFBC}") = "MultiLingual.Translator.Lib.Test", "..\MultiLingual.Translator.Lib.Test\MultiLingual.Translator.Lib.Test.csproj", "{D3A7DCE4-DDA8-4C5B-A3C5-E4E7E3D77105}"
EndProject
Project("{2150E333-8FDC-42A3-9474-1A3956D46DE8}") = "Solution Items", "Solution Items", "{19A76241-51F3-47AC-AE66-DCE0E03D7D3F}"
	ProjectSection(SolutionItems) = preProject
		Readme.md = Readme.md
	EndProjectSection
EndProject
Global
	GlobalSection(SolutionConfigurationPlatforms) = preSolution
		Debug|Any CPU = Debug|Any CPU
		Release|Any CPU = Release|Any CPU
	EndGlobalSection
	GlobalSection(ProjectConfigurationPlatforms) = postSolution
		{78984A43-FAD1-4EC9-A84F-6F596DC3337C}.Debug|Any CPU.ActiveCfg = Debug|Any CPU
		{78984A43-FAD1-4EC9-A84F-6F596DC3337C}.Debug|Any CPU.Build.0 = Debug|Any CPU
		{78984A43-FAD1-4EC9-A84F-6F596DC3337C}.Debug|Any CPU.Deploy.0 = Debug|Any CPU
		{78984A43-FAD1-4EC9-A84F-6F596DC3337C}.Release|Any CPU.ActiveCfg = Release|Any CPU
		{78984A43-FAD1-4EC9-A84F-6F596DC3337C}.Release|Any CPU.Build.0 = Release|Any CPU
		{78984A43-FAD1-4EC9-A84F-6F596DC3337C}.Release|Any CPU.Deploy.0 = Release|Any CPU
		{A4DAC23A-0E94-44B4-90FA-9F1126194D67}.Debug|Any CPU.ActiveCfg = Debug|Any CPU
		{A4DAC23A-0E94-44B4-90FA-9F1126194D67}.Debug|Any CPU.Build.0 = Debug|Any CPU
		{A4DAC23A-0E94-44B4-90FA-9F1126194D67}.Release|Any CPU.ActiveCfg = Release|Any CPU
		{A4DAC23A-0E94-44B4-90FA-9F1126194D67}.Release|Any CPU.Build.0 = Release|Any CPU
		{D3A7DCE4-DDA8-4C5B-A3C5-E4E7E3D77105}.Debug|Any CPU.ActiveCfg = Debug|Any CPU
		{D3A7DCE4-DDA8-4C5B-A3C5-E4E7E3D77105}.Debug|Any CPU.Build.0 = Debug|Any CPU
		{D3A7DCE4-DDA8-4C5B-A3C5-E4E7E3D77105}.Release|Any CPU.ActiveCfg = Release|Any CPU
		{D3A7DCE4-DDA8-4C5B-A3C5-E4E7E3D77105}.Release|Any CPU.Build.0 = Release|Any CPU
	EndGlobalSection
	GlobalSection(SolutionProperties) = preSolution
		HideSolutionNode = FALSE
	EndGlobalSection
	GlobalSection(ExtensibilityGlobals) = postSolution
		SolutionGuid = {61F7FB11-1E47-470C-91E2-47F8143E1572}
	EndGlobalSection
EndGlobal
